
Microsoft Visual Studio Solution File, Format Version 12.00
# Visual Studio Version 16
VisualStudioVersion = 16.0.31402.337
MinimumVisualStudioVersion = 10.0.40219.1
Project("{FAE04EC0-301F-11D3-BF4B-00C04F79EFBC}") = "ElibraryManagement", "WebApplication1\ElibraryManagement.csproj", "{24DD2946-3B32-401C-8126-78C95D9AAB09}"
EndProject
Global
	GlobalSection(SolutionConfigurationPlatforms) = preSolution
		Debug|Any CPU = Debug|Any CPU
		Release|Any CPU = Release|Any CPU
	EndGlobalSection
	GlobalSection(ProjectConfigurationPlatforms) = postSolution
		{24DD2946-3B32-401C-8126-78C95D9AAB09}.Debug|Any CPU.ActiveCfg = Debug|Any CPU
		{24DD2946-3B32-401C-8126-78C95D9AAB09}.Debug|Any CPU.Build.0 = Debug|Any CPU
		{24DD2946-3B32-401C-8126-78C95D9AAB09}.Release|Any CPU.ActiveCfg = Release|Any CPU
		{24DD2946-3B32-401C-8126-78C95D9AAB09}.Release|Any CPU.Build.0 = Release|Any CPU
	EndGlobalSection
	GlobalSection(SolutionProperties) = preSolution
		HideSolutionNode = FALSE
	EndGlobalSection
	GlobalSection(ExtensibilityGlobals) = postSolution
		SolutionGuid = {9795352F-4ED5-43E8-89FD-ED0AA57F8EFF}
	EndGlobalSection
EndGlobal
